
Microsoft Visual Studio Solution File, Format Version 12.00
# Visual Studio Version 17
VisualStudioVersion = 17.3.32901.215
MinimumVisualStudioVersion = 10.0.40219.1
Project("{9A19103F-16F7-4668-BE54-9A1E7A4F7556}") = "UrlShortenerApiBackend", "UrlShortenerApiBackend\UrlShortenerApiBackend.csproj", "{AB17465C-3DDD-473A-92CE-94E308EE8AAB}"
EndProject
Project("{E53339B2-1760-4266-BCC7-CA923CBCF16C}") = "docker-compose", "docker-compose.dcproj", "{4B883ED7-1E2A-4268-924A-7C3C99554385}"
EndProject
Global
	GlobalSection(SolutionConfigurationPlatforms) = preSolution
		Debug|Any CPU = Debug|Any CPU
		Release|Any CPU = Release|Any CPU
	EndGlobalSection
	GlobalSection(ProjectConfigurationPlatforms) = postSolution
		{AB17465C-3DDD-473A-92CE-94E308EE8AAB}.Debug|Any CPU.ActiveCfg = Debug|Any CPU
		{AB17465C-3DDD-473A-92CE-94E308EE8AAB}.Debug|Any CPU.Build.0 = Debug|Any CPU
		{AB17465C-3DDD-473A-92CE-94E308EE8AAB}.Release|Any CPU.ActiveCfg = Release|Any CPU
		{AB17465C-3DDD-473A-92CE-94E308EE8AAB}.Release|Any CPU.Build.0 = Release|Any CPU
		{4B883ED7-1E2A-4268-924A-7C3C99554385}.Debug|Any CPU.ActiveCfg = Debug|Any CPU
		{4B883ED7-1E2A-4268-924A-7C3C99554385}.Debug|Any CPU.Build.0 = Debug|Any CPU
		{4B883ED7-1E2A-4268-924A-7C3C99554385}.Release|Any CPU.ActiveCfg = Release|Any CPU
		{4B883ED7-1E2A-4268-924A-7C3C99554385}.Release|Any CPU.Build.0 = Release|Any CPU
	EndGlobalSection
	GlobalSection(SolutionProperties) = preSolution
		HideSolutionNode = FALSE
	EndGlobalSection
	GlobalSection(ExtensibilityGlobals) = postSolution
		SolutionGuid = {C7799382-22E8-48DC-9C4B-CCE707377A6A}
	EndGlobalSection
EndGlobal
